
Microsoft Visual Studio Solution File, Format Version 12.00
# Visual Studio Version 17
VisualStudioVersion = 17.1.32407.343
MinimumVisualStudioVersion = 10.0.40219.1
Project("{FAE04EC0-301F-11D3-BF4B-00C04F79EFBC}") = "Exercicio3Prova", "Exercicio3Prova\Exercicio3Prova.csproj", "{E01B7FE0-7F21-4907-AA61-B4D6CFF4FE5F}"
EndProject
Global
	GlobalSection(SolutionConfigurationPlatforms) = preSolution
		Debug|Any CPU = Debug|Any CPU
		Release|Any CPU = Release|Any CPU
	EndGlobalSection
	GlobalSection(ProjectConfigurationPlatforms) = postSolution
		{E01B7FE0-7F21-4907-AA61-B4D6CFF4FE5F}.Debug|Any CPU.ActiveCfg = Debug|Any CPU
		{E01B7FE0-7F21-4907-AA61-B4D6CFF4FE5F}.Debug|Any CPU.Build.0 = Debug|Any CPU
		{E01B7FE0-7F21-4907-AA61-B4D6CFF4FE5F}.Release|Any CPU.ActiveCfg = Release|Any CPU
		{E01B7FE0-7F21-4907-AA61-B4D6CFF4FE5F}.Release|Any CPU.Build.0 = Release|Any CPU
	EndGlobalSection
	GlobalSection(SolutionProperties) = preSolution
		HideSolutionNode = FALSE
	EndGlobalSection
	GlobalSection(ExtensibilityGlobals) = postSolution
		SolutionGuid = {926CDF00-F3CD-40D1-A38D-AAA8DF25308E}
	EndGlobalSection
EndGlobal
